
Microsoft Visual Studio Solution File, Format Version 12.00
# Visual Studio 2013
VisualStudioVersion = 12.0.31101.0
MinimumVisualStudioVersion = 10.0.40219.1
Project("{FAE04EC0-301F-11D3-BF4B-00C04F79EFBC}") = "Poblacion", "Poblacion\Poblacion.csproj", "{68077916-CE47-4B26-9749-40F298E0D2D8}"
EndProject
Global
	GlobalSection(SolutionConfigurationPlatforms) = preSolution
		Debug|Any CPU = Debug|Any CPU
		Release|Any CPU = Release|Any CPU
	EndGlobalSection
	GlobalSection(ProjectConfigurationPlatforms) = postSolution
		{68077916-CE47-4B26-9749-40F298E0D2D8}.Debug|Any CPU.ActiveCfg = Debug|Any CPU
		{68077916-CE47-4B26-9749-40F298E0D2D8}.Debug|Any CPU.Build.0 = Debug|Any CPU
		{68077916-CE47-4B26-9749-40F298E0D2D8}.Release|Any CPU.ActiveCfg = Release|Any CPU
		{68077916-CE47-4B26-9749-40F298E0D2D8}.Release|Any CPU.Build.0 = Release|Any CPU
	EndGlobalSection
	GlobalSection(SolutionProperties) = preSolution
		HideSolutionNode = FALSE
	EndGlobalSection
EndGlobal
